{
  "requires": true,
  "lockfileVersion": 1,
  "dependencies": {
    "dotenv": {
      "version": "8.2.0",
      "resolved": "https://registry.npmjs.org/dotenv/-/dotenv-8.2.0.tgz",
      "integrity": "sha512-8sJ78ElpbDJBHNeBzUbUVLsqKdccaa/BXF1uPTw3GrvQTBgrQrtObr2mUrE38vzYd8cEv+m/JBfDLioYcfXoaw=="
    },
    "nodemailer": {
      "version": "6.4.3",
      "resolved": "https://registry.npmjs.org/nodemailer/-/nodemailer-6.4.3.tgz",
      "integrity": "sha512-zmx4MTzYWQo2abFexvFYVURaiBGLekoA/yjP2Ctigd82hYtC4n38pcphQBi805t7AB2sY6DwmxnP/tb77f3KHA=="
    }
  }
}
